
Microsoft Visual Studio Solution File, Format Version 12.00
# Visual Studio Version 16
VisualStudioVersion = 16.0.30517.126
MinimumVisualStudioVersion = 10.0.40219.1
Project("{FAE04EC0-301F-11D3-BF4B-00C04F79EFBC}") = "LagerSystem", "LagerSystem\LagerSystem.csproj", "{344DB854-7BD6-4CE9-A05F-1928BCF5A8D4}"
EndProject
Project("{FAE04EC0-301F-11D3-BF4B-00C04F79EFBC}") = "DataLayer", "DataLayer\DataLayer.csproj", "{3C922F7E-DCFB-470B-A11B-317E2F48C4C0}"
EndProject
Project("{FAE04EC0-301F-11D3-BF4B-00C04F79EFBC}") = "ServiceLayer", "ServiceLayer\ServiceLayer.csproj", "{33020FF6-0922-400F-9EB3-00BE715229ED}"
EndProject
Global
	GlobalSection(SolutionConfigurationPlatforms) = preSolution
		Debug|Any CPU = Debug|Any CPU
		Release|Any CPU = Release|Any CPU
	EndGlobalSection
	GlobalSection(ProjectConfigurationPlatforms) = postSolution
		{344DB854-7BD6-4CE9-A05F-1928BCF5A8D4}.Debug|Any CPU.ActiveCfg = Debug|Any CPU
		{344DB854-7BD6-4CE9-A05F-1928BCF5A8D4}.Debug|Any CPU.Build.0 = Debug|Any CPU
		{344DB854-7BD6-4CE9-A05F-1928BCF5A8D4}.Release|Any CPU.ActiveCfg = Release|Any CPU
		{344DB854-7BD6-4CE9-A05F-1928BCF5A8D4}.Release|Any CPU.Build.0 = Release|Any CPU
		{3C922F7E-DCFB-470B-A11B-317E2F48C4C0}.Debug|Any CPU.ActiveCfg = Debug|Any CPU
		{3C922F7E-DCFB-470B-A11B-317E2F48C4C0}.Debug|Any CPU.Build.0 = Debug|Any CPU
		{3C922F7E-DCFB-470B-A11B-317E2F48C4C0}.Release|Any CPU.ActiveCfg = Release|Any CPU
		{3C922F7E-DCFB-470B-A11B-317E2F48C4C0}.Release|Any CPU.Build.0 = Release|Any CPU
		{33020FF6-0922-400F-9EB3-00BE715229ED}.Debug|Any CPU.ActiveCfg = Debug|Any CPU
		{33020FF6-0922-400F-9EB3-00BE715229ED}.Debug|Any CPU.Build.0 = Debug|Any CPU
		{33020FF6-0922-400F-9EB3-00BE715229ED}.Release|Any CPU.ActiveCfg = Release|Any CPU
		{33020FF6-0922-400F-9EB3-00BE715229ED}.Release|Any CPU.Build.0 = Release|Any CPU
	EndGlobalSection
	GlobalSection(SolutionProperties) = preSolution
		HideSolutionNode = FALSE
	EndGlobalSection
	GlobalSection(ExtensibilityGlobals) = postSolution
		SolutionGuid = {3EF7E4D3-D179-4C87-8433-D381A7FCFFF7}
	EndGlobalSection
EndGlobal
